
Microsoft Visual Studio Solution File, Format Version 12.00
# Visual Studio 15
VisualStudioVersion = 15.0.28307.1000
MinimumVisualStudioVersion = 10.0.40219.1
Project("{159641D6-6404-4A2A-AE62-294DE0FE8301}") = "DimDiscounts", "Integration Services Project7\DimDiscounts.dtproj", "{4FCAE093-4FA9-4AD5-8788-6B6C36BCC1FA}"
EndProject
Global
	GlobalSection(SolutionConfigurationPlatforms) = preSolution
		Development|Default = Development|Default
	EndGlobalSection
	GlobalSection(ProjectConfigurationPlatforms) = postSolution
		{4FCAE093-4FA9-4AD5-8788-6B6C36BCC1FA}.Development|Default.ActiveCfg = Development
		{4FCAE093-4FA9-4AD5-8788-6B6C36BCC1FA}.Development|Default.Build.0 = Development
	EndGlobalSection
	GlobalSection(SolutionProperties) = preSolution
		HideSolutionNode = FALSE
	EndGlobalSection
	GlobalSection(ExtensibilityGlobals) = postSolution
		SolutionGuid = {165F6461-8047-4C6D-9B4D-39D308CEC53F}
	EndGlobalSection
EndGlobal
