
Microsoft Visual Studio Solution File, Format Version 12.00
# Visual Studio 15
VisualStudioVersion = 15.0.28307.1000
MinimumVisualStudioVersion = 10.0.40219.1
Project("{159641D6-6404-4A2A-AE62-294DE0FE8301}") = "CastProducts", "CastProducts\CastProducts.dtproj", "{64A037A7-F640-4163-A362-6524B3DB4EDD}"
EndProject
Global
	GlobalSection(SolutionConfigurationPlatforms) = preSolution
		Development|Default = Development|Default
	EndGlobalSection
	GlobalSection(ProjectConfigurationPlatforms) = postSolution
		{64A037A7-F640-4163-A362-6524B3DB4EDD}.Development|Default.ActiveCfg = Development
		{64A037A7-F640-4163-A362-6524B3DB4EDD}.Development|Default.Build.0 = Development
	EndGlobalSection
	GlobalSection(SolutionProperties) = preSolution
		HideSolutionNode = FALSE
	EndGlobalSection
	GlobalSection(ExtensibilityGlobals) = postSolution
		SolutionGuid = {C91F1F68-5296-4F70-86AF-D8DDC9B87E9A}
	EndGlobalSection
EndGlobal
