
Microsoft Visual Studio Solution File, Format Version 12.00
# Visual Studio 15
VisualStudioVersion = 15.0.28307.1000
MinimumVisualStudioVersion = 10.0.40219.1
Project("{159641D6-6404-4A2A-AE62-294DE0FE8301}") = "Delivery", "Delivery\Delivery.dtproj", "{22A4DBB0-AAE7-4FA4-8E06-6F0A16288D0C}"
EndProject
Global
	GlobalSection(SolutionConfigurationPlatforms) = preSolution
		Development|Default = Development|Default
	EndGlobalSection
	GlobalSection(ProjectConfigurationPlatforms) = postSolution
		{22A4DBB0-AAE7-4FA4-8E06-6F0A16288D0C}.Development|Default.ActiveCfg = Development
		{22A4DBB0-AAE7-4FA4-8E06-6F0A16288D0C}.Development|Default.Build.0 = Development
	EndGlobalSection
	GlobalSection(SolutionProperties) = preSolution
		HideSolutionNode = FALSE
	EndGlobalSection
	GlobalSection(ExtensibilityGlobals) = postSolution
		SolutionGuid = {41B75871-F05E-460C-8C32-1509D8C08C3F}
	EndGlobalSection
EndGlobal
